
Microsoft Visual Studio Solution File, Format Version 12.00
# Visual Studio 15
VisualStudioVersion = 15.0.28307.168
MinimumVisualStudioVersion = 10.0.40219.1
Project("{8BC9CEB8-8B4A-11D0-8D11-00A0C91BC942}") = "ECore", "ECore\ECore.vcxproj", "{DFA992E7-BEAF-4D9A-B0A5-C7FD636FD24A}"
EndProject
Project("{8BC9CEB8-8B4A-11D0-8D11-00A0C91BC942}") = "EEngine", "EEngine\EEngine.vcxproj", "{82305D49-4C6C-4761-B636-40F4F0F7548F}"
EndProject
Project("{8BC9CEB8-8B4A-11D0-8D11-00A0C91BC942}") = "EGame", "EGame\EGame.vcxproj", "{BE62CF3E-2669-48B7-9BFD-659D6D78E688}"
EndProject
Global
	GlobalSection(SolutionConfigurationPlatforms) = preSolution
		Debug|Win32 = Debug|Win32
		Debug|x64 = Debug|x64
		Debug|x86 = Debug|x86
		Release|Win32 = Release|Win32
		Release|x64 = Release|x64
		Release|x86 = Release|x86
	EndGlobalSection
	GlobalSection(ProjectConfigurationPlatforms) = postSolution
		{DFA992E7-BEAF-4D9A-B0A5-C7FD636FD24A}.Debug|Win32.ActiveCfg = Debug|Win32
		{DFA992E7-BEAF-4D9A-B0A5-C7FD636FD24A}.Debug|Win32.Build.0 = Debug|Win32
		{DFA992E7-BEAF-4D9A-B0A5-C7FD636FD24A}.Debug|x64.ActiveCfg = Debug|x64
		{DFA992E7-BEAF-4D9A-B0A5-C7FD636FD24A}.Debug|x64.Build.0 = Debug|x64
		{DFA992E7-BEAF-4D9A-B0A5-C7FD636FD24A}.Debug|x86.ActiveCfg = Debug|Win32
		{DFA992E7-BEAF-4D9A-B0A5-C7FD636FD24A}.Debug|x86.Build.0 = Debug|Win32
		{DFA992E7-BEAF-4D9A-B0A5-C7FD636FD24A}.Release|Win32.ActiveCfg = Release|Win32
		{DFA992E7-BEAF-4D9A-B0A5-C7FD636FD24A}.Release|Win32.Build.0 = Release|Win32
		{DFA992E7-BEAF-4D9A-B0A5-C7FD636FD24A}.Release|x64.ActiveCfg = Release|x64
		{DFA992E7-BEAF-4D9A-B0A5-C7FD636FD24A}.Release|x64.Build.0 = Release|x64
		{DFA992E7-BEAF-4D9A-B0A5-C7FD636FD24A}.Release|x86.ActiveCfg = Release|Win32
		{DFA992E7-BEAF-4D9A-B0A5-C7FD636FD24A}.Release|x86.Build.0 = Release|Win32
		{82305D49-4C6C-4761-B636-40F4F0F7548F}.Debug|Win32.ActiveCfg = Debug|Win32
		{82305D49-4C6C-4761-B636-40F4F0F7548F}.Debug|Win32.Build.0 = Debug|Win32
		{82305D49-4C6C-4761-B636-40F4F0F7548F}.Debug|x64.ActiveCfg = Debug|x64
		{82305D49-4C6C-4761-B636-40F4F0F7548F}.Debug|x64.Build.0 = Debug|x64
		{82305D49-4C6C-4761-B636-40F4F0F7548F}.Debug|x86.ActiveCfg = Debug|Win32
		{82305D49-4C6C-4761-B636-40F4F0F7548F}.Debug|x86.Build.0 = Debug|Win32
		{82305D49-4C6C-4761-B636-40F4F0F7548F}.Release|Win32.ActiveCfg = Release|Win32
		{82305D49-4C6C-4761-B636-40F4F0F7548F}.Release|Win32.Build.0 = Release|Win32
		{82305D49-4C6C-4761-B636-40F4F0F7548F}.Release|x64.ActiveCfg = Release|x64
		{82305D49-4C6C-4761-B636-40F4F0F7548F}.Release|x64.Build.0 = Release|x64
		{82305D49-4C6C-4761-B636-40F4F0F7548F}.Release|x86.ActiveCfg = Release|Win32
		{82305D49-4C6C-4761-B636-40F4F0F7548F}.Release|x86.Build.0 = Release|Win32
		{BE62CF3E-2669-48B7-9BFD-659D6D78E688}.Debug|Win32.ActiveCfg = Debug|Win32
		{BE62CF3E-2669-48B7-9BFD-659D6D78E688}.Debug|Win32.Build.0 = Debug|Win32
		{BE62CF3E-2669-48B7-9BFD-659D6D78E688}.Debug|x64.ActiveCfg = Debug|x64
		{BE62CF3E-2669-48B7-9BFD-659D6D78E688}.Debug|x64.Build.0 = Debug|x64
		{BE62CF3E-2669-48B7-9BFD-659D6D78E688}.Debug|x86.ActiveCfg = Debug|Win32
		{BE62CF3E-2669-48B7-9BFD-659D6D78E688}.Debug|x86.Build.0 = Debug|Win32
		{BE62CF3E-2669-48B7-9BFD-659D6D78E688}.Release|Win32.ActiveCfg = Release|Win32
		{BE62CF3E-2669-48B7-9BFD-659D6D78E688}.Release|Win32.Build.0 = Release|Win32
		{BE62CF3E-2669-48B7-9BFD-659D6D78E688}.Release|x64.ActiveCfg = Release|x64
		{BE62CF3E-2669-48B7-9BFD-659D6D78E688}.Release|x64.Build.0 = Release|x64
		{BE62CF3E-2669-48B7-9BFD-659D6D78E688}.Release|x86.ActiveCfg = Release|Win32
		{BE62CF3E-2669-48B7-9BFD-659D6D78E688}.Release|x86.Build.0 = Release|Win32
	EndGlobalSection
	GlobalSection(SolutionProperties) = preSolution
		HideSolutionNode = FALSE
	EndGlobalSection
	GlobalSection(ExtensibilityGlobals) = postSolution
		SolutionGuid = {E7AA90D1-B6DA-4677-B5E4-102C3BE702E3}
	EndGlobalSection
EndGlobal
